// !$*UTF8*$!
{
	archiveVersion = 1;
	classes = {
	};
	objectVersion = 56;
	objects = {

/* Begin PBXBuildFile section */
		6C3EDB982A247C4D00222100 /* WeatherDetail.swift in Sources */ = {isa = PBXBuildFile; fileRef = 6C3EDB972A247C4D00222100 /* WeatherDetail.swift */; };
		6CBA0EF82A29C17400DE25D9 /* Viewmodelfile.swift in Sources */ = {isa = PBXBuildFile; fileRef = 6CBA0EF72A29C17400DE25D9 /* Viewmodelfile.swift */; };
		6CBA0EF92A29C37E00DE25D9 /* ModelUtility.swift in Sources */ = {isa = PBXBuildFile; fileRef = 6C9553CE2A28A85500C578C4 /* ModelUtility.swift */; };
		6CDBA8292A20B34800CD309E /* WeatherAppSUIApp.swift in Sources */ = {isa = PBXBuildFile; fileRef = 6CDBA8282A20B34800CD309E /* WeatherAppSUIApp.swift */; };
		6CDBA82B2A20B34800CD309E /* ContentView.swift in Sources */ = {isa = PBXBuildFile; fileRef = 6CDBA82A2A20B34800CD309E /* ContentView.swift */; };
		6CDBA82D2A20B34A00CD309E /* Assets.xcassets in Resources */ = {isa = PBXBuildFile; fileRef = 6CDBA82C2A20B34A00CD309E /* Assets.xcassets */; };
		6CDBA8302A20B34A00CD309E /* Preview Assets.xcassets in Resources */ = {isa = PBXBuildFile; fileRef = 6CDBA82F2A20B34A00CD309E /* Preview Assets.xcassets */; };
/* End PBXBuildFile section */

/* Begin PBXFileReference section */
		6C3EDB972A247C4D00222100 /* WeatherDetail.swift */ = {isa = PBXFileReference; lastKnownFileType = sourcecode.swift; path = WeatherDetail.swift; sourceTree = "<group>"; };
		6C9553CE2A28A85500C578C4 /* ModelUtility.swift */ = {isa = PBXFileReference; lastKnownFileType = sourcecode.swift; path = ModelUtility.swift; sourceTree = "<group>"; };
		6CBA0EF72A29C17400DE25D9 /* Viewmodelfile.swift */ = {isa = PBXFileReference; lastKnownFileType = sourcecode.swift; path = Viewmodelfile.swift; sourceTree = "<group>"; };
		6CDBA8252A20B34800CD309E /* WeatherAppSUI.app */ = {isa = PBXFileReference; explicitFileType = wrapper.application; includeInIndex = 0; path = WeatherAppSUI.app; sourceTree = BUILT_PRODUCTS_DIR; };
		6CDBA8282A20B34800CD309E /* WeatherAppSUIApp.swift */ = {isa = PBXFileReference; lastKnownFileType = sourcecode.swift; path = WeatherAppSUIApp.swift; sourceTree = "<group>"; };
		6CDBA82A2A20B34800CD309E /* ContentView.swift */ = {isa = PBXFileReference; lastKnownFileType = sourcecode.swift; path = ContentView.swift; sourceTree = "<group>"; };
		6CDBA82C2A20B34A00CD309E /* Assets.xcassets */ = {isa = PBXFileReference; lastKnownFileType = folder.assetcatalog; path = Assets.xcassets; sourceTree = "<group>"; };
		6CDBA82F2A20B34A00CD309E /* Preview Assets.xcassets */ = {isa = PBXFileReference; lastKnownFileType = folder.assetcatalog; path = "Preview Assets.xcassets"; sourceTree = "<group>"; };
/* End PBXFileReference section */

/* Begin PBXFrameworksBuildPhase section */
		6CDBA8222A20B34700CD309E /* Frameworks */ = {
			isa = PBXFrameworksBuildPhase;
			buildActionMask = 2147483647;
			files = (
			);
			runOnlyForDeploymentPostprocessing = 0;
		};
/* End PBXFrameworksBuildPhase section */

/* Begin PBXGroup section */
		6C9553CD2A28A84500C578C4 /* Model */ = {
			isa = PBXGroup;
			children = (
				6C9553CE2A28A85500C578C4 /* ModelUtility.swift */,
			);
			path = Model;
			sourceTree = "<group>";
		};
		6C9553CF2A28A86D00C578C4 /* View */ = {
			isa = PBXGroup;
			children = (
				6CDBA8282A20B34800CD309E /* WeatherAppSUIApp.swift */,
				6CDBA82A2A20B34800CD309E /* ContentView.swift */,
				6C3EDB972A247C4D00222100 /* WeatherDetail.swift */,
			);
			path = View;
			sourceTree = "<group>";
		};
		6CBA0EF62A29C0E200DE25D9 /* ViewModel */ = {
			isa = PBXGroup;
			children = (
				6CBA0EF72A29C17400DE25D9 /* Viewmodelfile.swift */,
			);
			path = ViewModel;
			sourceTree = "<group>";
		};
		6CDBA81C2A20B34700CD309E = {
			isa = PBXGroup;
			children = (
				6CDBA8272A20B34800CD309E /* WeatherAppSUI */,
				6CDBA8262A20B34800CD309E /* Products */,
			);
			sourceTree = "<group>";
		};
		6CDBA8262A20B34800CD309E /* Products */ = {
			isa = PBXGroup;
			children = (
				6CDBA8252A20B34800CD309E /* WeatherAppSUI.app */,
			);
			name = Products;
			sourceTree = "<group>";
		};
		6CDBA8272A20B34800CD309E /* WeatherAppSUI */ = {
			isa = PBXGroup;
			children = (
				6CBA0EF62A29C0E200DE25D9 /* ViewModel */,
				6C9553CD2A28A84500C578C4 /* Model */,
				6C9553CF2A28A86D00C578C4 /* View */,
				6CDBA82E2A20B34A00CD309E /* Preview Content */,
				6CDBA82C2A20B34A00CD309E /* Assets.xcassets */,
			);
			path = WeatherAppSUI;
			sourceTree = "<group>";
		};
		6CDBA82E2A20B34A00CD309E /* Preview Content */ = {
			isa = PBXGroup;
			children = (
				6CDBA82F2A20B34A00CD309E /* Preview Assets.xcassets */,
			);
			path = "Preview Content";
			sourceTree = "<group>";
		};
/* End PBXGroup section */

/* Begin PBXNativeTarget section */
		6CDBA8242A20B34700CD309E /* WeatherAppSUI */ = {
			isa = PBXNativeTarget;
			buildConfigurationList = 6CDBA8332A20B34A00CD309E /* Build configuration list for PBXNativeTarget "WeatherAppSUI" */;
			buildPhases = (
				6CDBA8212A20B34700CD309E /* Sources */,
				6CDBA8222A20B34700CD309E /* Frameworks */,
				6CDBA8232A20B34700CD309E /* Resources */,
			);
			buildRules = (
			);
			dependencies = (
			);
			name = WeatherAppSUI;
			productName = WeatherAppSUI;
			productReference = 6CDBA8252A20B34800CD309E /* WeatherAppSUI.app */;
			productType = "com.apple.product-type.application";
		};
/* End PBXNativeTarget section */

/* Begin PBXProject section */
		6CDBA81D2A20B34700CD309E /* Project object */ = {
			isa = PBXProject;
			attributes = {
				BuildIndependentTargetsInParallel = 1;
				LastSwiftUpdateCheck = 1420;
				LastUpgradeCheck = 1420;
				TargetAttributes = {
					6CDBA8242A20B34700CD309E = {
						CreatedOnToolsVersion = 14.2;
					};
				};
			};
			buildConfigurationList = 6CDBA8202A20B34700CD309E /* Build configuration list for PBXProject "WeatherAppSUI" */;
			compatibilityVersion = "Xcode 14.0";
			developmentRegion = en;
			hasScannedForEncodings = 0;
			knownRegions = (
				en,
				Base,
			);
			mainGroup = 6CDBA81C2A20B34700CD309E;
			productRefGroup = 6CDBA8262A20B34800CD309E /* Products */;
			projectDirPath = "";
			projectRoot = "";
			targets = (
				6CDBA8242A20B34700CD309E /* WeatherAppSUI */,
			);
		};
/* End PBXProject section */

/* Begin PBXResourcesBuildPhase section */
		6CDBA8232A20B34700CD309E /* Resources */ = {
			isa = PBXResourcesBuildPhase;
			buildActionMask = 2147483647;
			files = (
				6CDBA8302A20B34A00CD309E /* Preview Assets.xcassets in Resources */,
				6CDBA82D2A20B34A00CD309E /* Assets.xcassets in Resources */,
			);
			runOnlyForDeploymentPostprocessing = 0;
		};
/* End PBXResourcesBuildPhase section */

/* Begin PBXSourcesBuildPhase section */
		6CDBA8212A20B34700CD309E /* Sources */ = {
			isa = PBXSourcesBuildPhase;
			buildActionMask = 2147483647;
			files = (
				6CDBA82B2A20B34800CD309E /* ContentView.swift in Sources */,
				6CBA0EF82A29C17400DE25D9 /* Viewmodelfile.swift in Sources */,
				6C3EDB982A247C4D00222100 /* WeatherDetail.swift in Sources */,
				6CDBA8292A20B34800CD309E /* WeatherAppSUIApp.swift in Sources */,
				6CBA0EF92A29C37E00DE25D9 /* ModelUtility.swift in Sources */,
			);
			runOnlyForDeploymentPostprocessing = 0;
		};
/* End PBXSourcesBuildPhase section */

/* Begin XCBuildConfiguration section */
		6CDBA8312A20B34A00CD309E /* Debug */ = {
			isa = XCBuildConfiguration;
			buildSettings = {
				ALWAYS_SEARCH_USER_PATHS = NO;
				CLANG_ANALYZER_NONNULL = YES;
				CLANG_ANALYZER_NUMBER_OBJECT_CONVERSION = YES_AGGRESSIVE;
				CLANG_CXX_LANGUAGE_STANDARD = "gnu++20";
				CLANG_ENABLE_MODULES = YES;
				CLANG_ENABLE_OBJC_ARC = YES;
				CLANG_ENABLE_OBJC_WEAK = YES;
				CLANG_WARN_BLOCK_CAPTURE_AUTORELEASING = YES;
				CLANG_WARN_BOOL_CONVERSION = YES;
				CLANG_WARN_COMMA = YES;
				CLANG_WARN_CONSTANT_CONVERSION = YES;
				CLANG_WARN_DEPRECATED_OBJC_IMPLEMENTATIONS = YES;
				CLANG_WARN_DIRECT_OBJC_ISA_USAGE = YES_ERROR;
				CLANG_WARN_DOCUMENTATION_COMMENTS = YES;
				CLANG_WARN_EMPTY_BODY = YES;
				CLANG_WARN_ENUM_CONVERSION = YES;
				CLANG_WARN_INFINITE_RECURSION = YES;
				CLANG_WARN_INT_CONVERSION = YES;
				CLANG_WARN_NON_LITERAL_NULL_CONVERSION = YES;
				CLANG_WARN_OBJC_IMPLICIT_RETAIN_SELF = YES;
				CLANG_WARN_OBJC_LITERAL_CONVERSION = YES;
				CLANG_WARN_OBJC_ROOT_CLASS = YES_ERROR;
				CLANG_WARN_QUOTED_INCLUDE_IN_FRAMEWORK_HEADER = YES;
				CLANG_WARN_RANGE_LOOP_ANALYSIS = YES;
				CLANG_WARN_STRICT_PROTOTYPES = YES;
				CLANG_WARN_SUSPICIOUS_MOVE = YES;
				CLANG_WARN_UNGUARDED_AVAILABILITY = YES_AGGRESSIVE;
				CLANG_WARN_UNREACHABLE_CODE = YES;
				CLANG_WARN__DUPLICATE_METHOD_MATCH = YES;
				COPY_PHASE_STRIP = NO;
				DEBUG_INFORMATION_FORMAT = dwarf;
				ENABLE_STRICT_OBJC_MSGSEND = YES;
				ENABLE_TESTABILITY = YES;
				GCC_C_LANGUAGE_STANDARD = gnu11;
				GCC_DYNAMIC_NO_PIC = NO;
				GCC_NO_COMMON_BLOCKS = YES;
				GCC_OPTIMIZATION_LEVEL = 0;
				GCC_PREPROCESSOR_DEFINITIONS = (
					"DEBUG=1",
					"$(inherited)",
				);
				GCC_WARN_64_TO_32_BIT_CONVERSION = YES;
				GCC_WARN_ABOUT_RETURN_TYPE = YES_ERROR;
				GCC_WARN_UNDECLARED_SELECTOR = YES;
				GCC_WARN_UNINITIALIZED_AUTOS = YES_AGGRESSIVE;
				GCC_WARN_UNUSED_FUNCTION = YES;
				GCC_WARN_UNUSED_VARIABLE = YES;
				IPHONEOS_DEPLOYMENT_TARGET = 16.2;
				MTL_ENABLE_DEBUG_INFO = INCLUDE_SOURCE;
				MTL_FAST_MATH = YES;
				ONLY_ACTIVE_ARCH = YES;
				SDKROOT = iphoneos;
				SWIFT_ACTIVE_COMPILATION_CONDITIONS = DEBUG;
				SWIFT_OPTIMIZATION_LEVEL = "-Onone";
			};
			name = Debug;
		};
		6CDBA8322A20B34A00CD309E /* Release */ = {
			isa = XCBuildConfiguration;
			buildSettings = {
				ALWAYS_SEARCH_USER_PATHS = NO;
				CLANG_ANALYZER_NONNULL = YES;
				CLANG_ANALYZER_NUMBER_OBJECT_CONVERSION = YES_AGGRESSIVE;
				CLANG_CXX_LANGUAGE_STANDARD = "gnu++20";
				CLANG_ENABLE_MODULES = YES;
				CLANG_ENABLE_OBJC_ARC = YES;
				CLANG_ENABLE_OBJC_WEAK = YES;
				CLANG_WARN_BLOCK_CAPTURE_AUTORELEASING = YES;
				CLANG_WARN_BOOL_CONVERSION = YES;
				CLANG_WARN_COMMA = YES;
				CLANG_WARN_CONSTANT_CONVERSION = YES;
				CLANG_WARN_DEPRECATED_OBJC_IMPLEMENTATIONS = YES;
				CLANG_WARN_DIRECT_OBJC_ISA_USAGE = YES_ERROR;
				CLANG_WARN_DOCUMENTATION_COMMENTS = YES;
				CLANG_WARN_EMPTY_BODY = YES;
				CLANG_WARN_ENUM_CONVERSION = YES;
				CLANG_WARN_INFINITE_RECURSION = YES;
				CLANG_WARN_INT_CONVERSION = YES;
				CLANG_WARN_NON_LITERAL_NULL_CONVERSION = YES;
				CLANG_WARN_OBJC_IMPLICIT_RETAIN_SELF = YES;
				CLANG_WARN_OBJC_LITERAL_CONVERSION = YES;
				CLANG_WARN_OBJC_ROOT_CLASS = YES_ERROR;
				CLANG_WARN_QUOTED_INCLUDE_IN_FRAMEWORK_HEADER = YES;
				CLANG_WARN_RANGE_LOOP_ANALYSIS = YES;
				CLANG_WARN_STRICT_PROTOTYPES = YES;
				CLANG_WARN_SUSPICIOUS_MOVE = YES;
				CLANG_WARN_UNGUARDED_AVAILABILITY = YES_AGGRESSIVE;
				CLANG_WARN_UNREACHABLE_CODE = YES;
				CLANG_WARN__DUPLICATE_METHOD_MATCH = YES;
				COPY_PHASE_STRIP = NO;
				DEBUG_INFORMATION_FORMAT = "dwarf-with-dsym";
				ENABLE_NS_ASSERTIONS = NO;
				ENABLE_STRICT_OBJC_MSGSEND = YES;
				GCC_C_LANGUAGE_STANDARD = gnu11;
				GCC_NO_COMMON_BLOCKS = YES;
				GCC_WARN_64_TO_32_BIT_CONVERSION = YES;
				GCC_WARN_ABOUT_RETURN_TYPE = YES_ERROR;
				GCC_WARN_UNDECLARED_SELECTOR = YES;
				GCC_WARN_UNINITIALIZED_AUTOS = YES_AGGRESSIVE;
				GCC_WARN_UNUSED_FUNCTION = YES;
				GCC_WARN_UNUSED_VARIABLE = YES;
				IPHONEOS_DEPLOYMENT_TARGET = 16.2;
				MTL_ENABLE_DEBUG_INFO = NO;
				MTL_FAST_MATH = YES;
				SDKROOT = iphoneos;
				SWIFT_COMPILATION_MODE = wholemodule;
				SWIFT_OPTIMIZATION_LEVEL = "-O";
				VALIDATE_PRODUCT = YES;
			};
			name = Release;
		};
		6CDBA8342A20B34A00CD309E /* Debug */ = {
			isa = XCBuildConfiguration;
			buildSettings = {
				ASSETCATALOG_COMPILER_APPICON_NAME = AppIcon;
				ASSETCATALOG_COMPILER_GLOBAL_ACCENT_COLOR_NAME = AccentColor;
				CODE_SIGN_STYLE = Automatic;
				CURRENT_PROJECT_VERSION = 1;
				DEVELOPMENT_ASSET_PATHS = "\"WeatherAppSUI/Preview Content\"";
				ENABLE_PREVIEWS = YES;
				GENERATE_INFOPLIST_FILE = YES;
				INFOPLIST_KEY_UIApplicationSceneManifest_Generation = YES;
				INFOPLIST_KEY_UIApplicationSupportsIndirectInputEvents = YES;
				INFOPLIST_KEY_UILaunchScreen_Generation = YES;
				INFOPLIST_KEY_UISupportedInterfaceOrientations_iPad = "UIInterfaceOrientationPortrait UIInterfaceOrientationPortraitUpsideDown UIInterfaceOrientationLandscapeLeft UIInterfaceOrientationLandscapeRight";
				INFOPLIST_KEY_UISupportedInterfaceOrientations_iPhone = "UIInterfaceOrientationPortrait UIInterfaceOrientationLandscapeLeft UIInterfaceOrientationLandscapeRight";
				LD_RUNPATH_SEARCH_PATHS = (
					"$(inherited)",
					"@executable_path/Frameworks",
				);
				MARKETING_VERSION = 1.0;
				PRODUCT_BUNDLE_IDENTIFIER = com.sambhav.WeatherAppSUI;
				PRODUCT_NAME = "$(TARGET_NAME)";
				SWIFT_EMIT_LOC_STRINGS = YES;
				SWIFT_VERSION = 5.0;
				TARGETED_DEVICE_FAMILY = "1,2";
			};
			name = Debug;
		};
		6CDBA8352A20B34A00CD309E /* Release */ = {
			isa = XCBuildConfiguration;
			buildSettings = {
				ASSETCATALOG_COMPILER_APPICON_NAME = AppIcon;
				ASSETCATALOG_COMPILER_GLOBAL_ACCENT_COLOR_NAME = AccentColor;
				CODE_SIGN_STYLE = Automatic;
				CURRENT_PROJECT_VERSION = 1;
				DEVELOPMENT_ASSET_PATHS = "\"WeatherAppSUI/Preview Content\"";
				ENABLE_PREVIEWS = YES;
				GENERATE_INFOPLIST_FILE = YES;
				INFOPLIST_KEY_UIApplicationSceneManifest_Generation = YES;
				INFOPLIST_KEY_UIApplicationSupportsIndirectInputEvents = YES;
				INFOPLIST_KEY_UILaunchScreen_Generation = YES;
				INFOPLIST_KEY_UISupportedInterfaceOrientations_iPad = "UIInterfaceOrientationPortrait UIInterfaceOrientationPortraitUpsideDown UIInterfaceOrientationLandscapeLeft UIInterfaceOrientationLandscapeRight";
				INFOPLIST_KEY_UISupportedInterfaceOrientations_iPhone = "UIInterfaceOrientationPortrait UIInterfaceOrientationLandscapeLeft UIInterfaceOrientationLandscapeRight";
				LD_RUNPATH_SEARCH_PATHS = (
					"$(inherited)",
					"@executable_path/Frameworks",
				);
				MARKETING_VERSION = 1.0;
				PRODUCT_BUNDLE_IDENTIFIER = com.sambhav.WeatherAppSUI;
				PRODUCT_NAME = "$(TARGET_NAME)";
				SWIFT_EMIT_LOC_STRINGS = YES;
				SWIFT_VERSION = 5.0;
				TARGETED_DEVICE_FAMILY = "1,2";
			};
			name = Release;
		};
/* End XCBuildConfiguration section */

/* Begin XCConfigurationList section */
		6CDBA8202A20B34700CD309E /* Build configuration list for PBXProject "WeatherAppSUI" */ = {
			isa = XCConfigurationList;
			buildConfigurations = (
				6CDBA8312A20B34A00CD309E /* Debug */,
				6CDBA8322A20B34A00CD309E /* Release */,
			);
			defaultConfigurationIsVisible = 0;
			defaultConfigurationName = Release;
		};
		6CDBA8332A20B34A00CD309E /* Build configuration list for PBXNativeTarget "WeatherAppSUI" */ = {
			isa = XCConfigurationList;
			buildConfigurations = (
				6CDBA8342A20B34A00CD309E /* Debug */,
				6CDBA8352A20B34A00CD309E /* Release */,
			);
			defaultConfigurationIsVisible = 0;
			defaultConfigurationName = Release;
		};
/* End XCConfigurationList section */
	};
	rootObject = 6CDBA81D2A20B34700CD309E /* Project object */;
}
